// !$*UTF8*$!
{
	archiveVersion = 1;
	classes = {
	};
	objectVersion = 42;
	objects = {

/* Begin PBXBuildFile section */
		0740F0C6101F70CC008C946A /* XMPPNamespaces.m in Sources */ = {isa = PBXBuildFile; fileRef = 0740F0C5101F70CC008C946A /* XMPPNamespaces.m */; };
		0740F118101F80C8008C946A /* BOSHXMPPRequest.m in Sources */ = {isa = PBXBuildFile; fileRef = 0740F117101F80C8008C946A /* BOSHXMPPRequest.m */; };
		075F5D711023B19100106C69 /* libidn.a in Frameworks */ = {isa = PBXBuildFile; fileRef = 075F5D6C1023B16600106C69 /* libidn.a */; };
		075F5EF21023C34E00106C69 /* DDXMLElementAdditions.h in Headers */ = {isa = PBXBuildFile; fileRef = 075F5EF01023C34E00106C69 /* DDXMLElementAdditions.h */; };
		075F5EF31023C34E00106C69 /* DDXMLElementAdditions.m in Sources */ = {isa = PBXBuildFile; fileRef = 075F5EF11023C34E00106C69 /* DDXMLElementAdditions.m */; };
		075FDD36101CCFEA001DE5FD /* AbstractXMPPStream.m in Sources */ = {isa = PBXBuildFile; fileRef = 075FDD35101CCFEA001DE5FD /* AbstractXMPPStream.m */; };
		075FDE4F101D70F1001DE5FD /* XMPPDigestAuthentication.m in Sources */ = {isa = PBXBuildFile; fileRef = 075FDE4E101D70F1001DE5FD /* XMPPDigestAuthentication.m */; };
		07943965101E2E2A00EA3463 /* BOSHXMPPStream.m in Sources */ = {isa = PBXBuildFile; fileRef = 07943964101E2E2A00EA3463 /* BOSHXMPPStream.m */; };
		07EF15CD102291CC00FEFBB2 /* AbstractXMPPStream.m in Sources */ = {isa = PBXBuildFile; fileRef = 075FDD35101CCFEA001DE5FD /* AbstractXMPPStream.m */; };
		07EF166D1022941E00FEFBB2 /* AbstractXMPPStream.h in Headers */ = {isa = PBXBuildFile; fileRef = 075FDCFB101CCDB9001DE5FD /* AbstractXMPPStream.h */; settings = {ATTRIBUTES = (Public, ); }; };
		07EF1706102296A000FEFBB2 /* DDXML.h in Headers */ = {isa = PBXBuildFile; fileRef = DCD886890E8CE26A00CD15A2 /* DDXML.h */; settings = {ATTRIBUTES = (Public, ); }; };
		07EF1707102296AB00FEFBB2 /* DDXMLElement.h in Headers */ = {isa = PBXBuildFile; fileRef = DCD8868C0E8CE26A00CD15A2 /* DDXMLElement.h */; settings = {ATTRIBUTES = (Public, ); }; };
		07EF1708102296AD00FEFBB2 /* DDXMLNode.h in Headers */ = {isa = PBXBuildFile; fileRef = DCD8868E0E8CE26A00CD15A2 /* DDXMLNode.h */; settings = {ATTRIBUTES = (Public, ); }; };
		07EF1854102297CF00FEFBB2 /* DDXMLDocument.h in Headers */ = {isa = PBXBuildFile; fileRef = DCD8868A0E8CE26A00CD15A2 /* DDXMLDocument.h */; settings = {ATTRIBUTES = (Public, ); }; };
		07EF1855102297D900FEFBB2 /* BOSHXMPPStream.h in Headers */ = {isa = PBXBuildFile; fileRef = 07943963101E2E2A00EA3463 /* BOSHXMPPStream.h */; settings = {ATTRIBUTES = (Public, ); }; };
		07EF1856102297DA00FEFBB2 /* BOSHXMPPRequest.h in Headers */ = {isa = PBXBuildFile; fileRef = 0740F116101F80C8008C946A /* BOSHXMPPRequest.h */; settings = {ATTRIBUTES = (Public, ); }; };
		07EF18B610229A2500FEFBB2 /* XMPPClient.m in Sources */ = {isa = PBXBuildFile; fileRef = DCB9BA0B0DDB71E7002DA335 /* XMPPClient.m */; };
		07EF18B710229A2500FEFBB2 /* AsyncSocket.m in Sources */ = {isa = PBXBuildFile; fileRef = DCCE55380BDC6290000E2798 /* AsyncSocket.m */; };
		07EF18B910229A2500FEFBB2 /* MulticastDelegate.m in Sources */ = {isa = PBXBuildFile; fileRef = DCAF51120EC8C3CD00445B85 /* MulticastDelegate.m */; };
		07EF18BB10229A2500FEFBB2 /* XMPPIQ.m in Sources */ = {isa = PBXBuildFile; fileRef = DCB9BA140DDB73CC002DA335 /* XMPPIQ.m */; };
		07EF18BC10229A2500FEFBB2 /* XMPPJID.m in Sources */ = {isa = PBXBuildFile; fileRef = DCB9BA110DDB73B1002DA335 /* XMPPJID.m */; };
		07EF18BD10229A2500FEFBB2 /* XMPPPing.m in Sources */ = {isa = PBXBuildFile; fileRef = DC839B420F741484000F2C7F /* XMPPPing.m */; };
		07EF18BE10229A2500FEFBB2 /* XMPPPresence.m in Sources */ = {isa = PBXBuildFile; fileRef = DCB9BA170DDB73DA002DA335 /* XMPPPresence.m */; };
		07EF18BF10229A2500FEFBB2 /* XMPPMessage.m in Sources */ = {isa = PBXBuildFile; fileRef = DCB9BA1A0DDB73E6002DA335 /* XMPPMessage.m */; };
		07EF18C010229A2500FEFBB2 /* TCPXMPPStream.m in Sources */ = {isa = PBXBuildFile; fileRef = DCCE55670BDC7030000E2798 /* TCPXMPPStream.m */; };
		07EF18C210229A2500FEFBB2 /* XMPPResource.m in Sources */ = {isa = PBXBuildFile; fileRef = DCB9BA0E0DDB7237002DA335 /* XMPPResource.m */; };
		07EF18C310229A2500FEFBB2 /* LibIDN.m in Sources */ = {isa = PBXBuildFile; fileRef = DCB9BB090DDC969C002DA335 /* LibIDN.m */; };
		07EF18C410229A2500FEFBB2 /* XMPPUser.m in Sources */ = {isa = PBXBuildFile; fileRef = DC5247D60BE318AE002F838C /* XMPPUser.m */; };
		07EF18C510229A2500FEFBB2 /* AbstractXMPPStream.m in Sources */ = {isa = PBXBuildFile; fileRef = 075FDD35101CCFEA001DE5FD /* AbstractXMPPStream.m */; };
		07EF18C610229A2500FEFBB2 /* XMPPTransports.m in Sources */ = {isa = PBXBuildFile; fileRef = DC63E9200E65D5140076E6D2 /* XMPPTransports.m */; };
		07EF18C710229A2500FEFBB2 /* XMPPElement.m in Sources */ = {isa = PBXBuildFile; fileRef = DC7B2BF10DE620B80055F60A /* XMPPElement.m */; };
		07EF18C810229A2500FEFBB2 /* NSDataAdditions.m in Sources */ = {isa = PBXBuildFile; fileRef = DCB73CC30E58ECCF0086B3DC /* NSDataAdditions.m */; };
		07EF192410229B2E00FEFBB2 /* stringprep.h in Headers */ = {isa = PBXBuildFile; fileRef = DCB9BBD80DDCE75F002DA335 /* stringprep.h */; };
		07EF192510229B3300FEFBB2 /* idn-int.h in Headers */ = {isa = PBXBuildFile; fileRef = DCC1A6E80DF0E3A300D3C1E7 /* idn-int.h */; };
		07EF197A10229E2200FEFBB2 /* DDXMLElement.m in Sources */ = {isa = PBXBuildFile; fileRef = DCD8868D0E8CE26A00CD15A2 /* DDXMLElement.m */; };
		07EF19F31023724800FEFBB2 /* CFNetwork.framework in Frameworks */ = {isa = PBXBuildFile; fileRef = 07EF19F21023724800FEFBB2 /* CFNetwork.framework */; };
		07EF1ABB1023735000FEFBB2 /* DDXMLDocument.m in Sources */ = {isa = PBXBuildFile; fileRef = DCD8868B0E8CE26A00CD15A2 /* DDXMLDocument.m */; };
		07EF1AC51023735E00FEFBB2 /* DDXMLNode.m in Sources */ = {isa = PBXBuildFile; fileRef = DCD8868F0E8CE26A00CD15A2 /* DDXMLNode.m */; };
		07EF1AC61023736900FEFBB2 /* NSStringAdditions.m in Sources */ = {isa = PBXBuildFile; fileRef = DCD886920E8CE26A00CD15A2 /* NSStringAdditions.m */; };
		07EF1ADF102373BC00FEFBB2 /* BOSHXMPPRequest.m in Sources */ = {isa = PBXBuildFile; fileRef = 0740F117101F80C8008C946A /* BOSHXMPPRequest.m */; };
		07EF1AE0102373BD00FEFBB2 /* BOSHXMPPStream.m in Sources */ = {isa = PBXBuildFile; fileRef = 07943964101E2E2A00EA3463 /* BOSHXMPPStream.m */; };
		07EF1AE41023742700FEFBB2 /* XMPPDigestAuthentication.m in Sources */ = {isa = PBXBuildFile; fileRef = 075FDE4E101D70F1001DE5FD /* XMPPDigestAuthentication.m */; };
		07EF1AE51023743F00FEFBB2 /* XMPPNamespaces.m in Sources */ = {isa = PBXBuildFile; fileRef = 0740F0C5101F70CC008C946A /* XMPPNamespaces.m */; };
		276247FD0ED3D66A0028C301 /* SCNotificationManager.m in Sources */ = {isa = PBXBuildFile; fileRef = DC63E9F90E65FD570076E6D2 /* SCNotificationManager.m */; };
		276247FE0ED3D66B0028C301 /* SSCrypto.m in Sources */ = {isa = PBXBuildFile; fileRef = DC0E7D310EADD7DE00B81D90 /* SSCrypto.m */; };
		276247FF0ED3D66F0028C301 /* AsyncSocket.m in Sources */ = {isa = PBXBuildFile; fileRef = DCCE55380BDC6290000E2798 /* AsyncSocket.m */; };
		276248000ED3D6760028C301 /* LibIDN.m in Sources */ = {isa = PBXBuildFile; fileRef = DCB9BB090DDC969C002DA335 /* LibIDN.m */; };
		276248010ED3D6770028C301 /* MulticastDelegate.m in Sources */ = {isa = PBXBuildFile; fileRef = DCAF51120EC8C3CD00445B85 /* MulticastDelegate.m */; };
		276248020ED3D6790028C301 /* NSDataAdditions.m in Sources */ = {isa = PBXBuildFile; fileRef = DCB73CC30E58ECCF0086B3DC /* NSDataAdditions.m */; };
		276248050ED3D6800028C301 /* XMPP.h in Headers */ = {isa = PBXBuildFile; fileRef = DCB9BBEF0DDCEDA6002DA335 /* XMPP.h */; settings = {ATTRIBUTES = (Public, ); }; };
		276248060ED3D6810028C301 /* XMPPClient.h in Headers */ = {isa = PBXBuildFile; fileRef = DCB9BA0A0DDB71E7002DA335 /* XMPPClient.h */; settings = {ATTRIBUTES = (Public, ); }; };
		276248070ED3D6820028C301 /* XMPPClient.m in Sources */ = {isa = PBXBuildFile; fileRef = DCB9BA0B0DDB71E7002DA335 /* XMPPClient.m */; };
		276248080ED3D6830028C301 /* XMPPElement.h in Headers */ = {isa = PBXBuildFile; fileRef = DC7B2BF00DE620B80055F60A /* XMPPElement.h */; settings = {ATTRIBUTES = (Public, ); }; };
		276248090ED3D6840028C301 /* XMPPElement.m in Sources */ = {isa = PBXBuildFile; fileRef = DC7B2BF10DE620B80055F60A /* XMPPElement.m */; };
		2762480A0ED3D6870028C301 /* XMPPIQ.h in Headers */ = {isa = PBXBuildFile; fileRef = DCB9BA130DDB73CC002DA335 /* XMPPIQ.h */; settings = {ATTRIBUTES = (Public, ); }; };
		2762480B0ED3D6880028C301 /* XMPPIQ.m in Sources */ = {isa = PBXBuildFile; fileRef = DCB9BA140DDB73CC002DA335 /* XMPPIQ.m */; };
		2762480C0ED3D6880028C301 /* XMPPJID.h in Headers */ = {isa = PBXBuildFile; fileRef = DCB9BA100DDB73B1002DA335 /* XMPPJID.h */; settings = {ATTRIBUTES = (Public, ); }; };
		2762480D0ED3D6890028C301 /* XMPPJID.m in Sources */ = {isa = PBXBuildFile; fileRef = DCB9BA110DDB73B1002DA335 /* XMPPJID.m */; };
		2762480E0ED3D68A0028C301 /* XMPPMessage.h in Headers */ = {isa = PBXBuildFile; fileRef = DCB9BA190DDB73E6002DA335 /* XMPPMessage.h */; settings = {ATTRIBUTES = (Public, ); }; };
		2762480F0ED3D68B0028C301 /* XMPPMessage.m in Sources */ = {isa = PBXBuildFile; fileRef = DCB9BA1A0DDB73E6002DA335 /* XMPPMessage.m */; };
		276248100ED3D68E0028C301 /* XMPPPresence.h in Headers */ = {isa = PBXBuildFile; fileRef = DCB9BA160DDB73DA002DA335 /* XMPPPresence.h */; settings = {ATTRIBUTES = (Public, ); }; };
		276248110ED3D68F0028C301 /* XMPPPresence.m in Sources */ = {isa = PBXBuildFile; fileRef = DCB9BA170DDB73DA002DA335 /* XMPPPresence.m */; };
		276248120ED3D68F0028C301 /* XMPPResource.h in Headers */ = {isa = PBXBuildFile; fileRef = DCB9BA0D0DDB7237002DA335 /* XMPPResource.h */; settings = {ATTRIBUTES = (Public, ); }; };
		276248130ED3D6900028C301 /* XMPPResource.m in Sources */ = {isa = PBXBuildFile; fileRef = DCB9BA0E0DDB7237002DA335 /* XMPPResource.m */; };
		276248140ED3D6930028C301 /* TCPXMPPStream.h in Headers */ = {isa = PBXBuildFile; fileRef = DCCE55660BDC7030000E2798 /* TCPXMPPStream.h */; settings = {ATTRIBUTES = (Public, ); }; };
		276248150ED3D6950028C301 /* TCPXMPPStream.m in Sources */ = {isa = PBXBuildFile; fileRef = DCCE55670BDC7030000E2798 /* TCPXMPPStream.m */; };
		276248160ED3D6960028C301 /* XMPPTransports.h in Headers */ = {isa = PBXBuildFile; fileRef = DC63E91F0E65D5140076E6D2 /* XMPPTransports.h */; settings = {ATTRIBUTES = (Public, ); }; };
		276248170ED3D6980028C301 /* XMPPTransports.m in Sources */ = {isa = PBXBuildFile; fileRef = DC63E9200E65D5140076E6D2 /* XMPPTransports.m */; };
		276248180ED3D69A0028C301 /* XMPPUser.h in Headers */ = {isa = PBXBuildFile; fileRef = DC5247D50BE318AE002F838C /* XMPPUser.h */; settings = {ATTRIBUTES = (Public, ); }; };
		276248190ED3D69A0028C301 /* XMPPUser.m in Sources */ = {isa = PBXBuildFile; fileRef = DC5247D60BE318AE002F838C /* XMPPUser.m */; };
		2762481F0ED3D6F60028C301 /* libcrypto.dylib in Frameworks */ = {isa = PBXBuildFile; fileRef = DCAB742B0BDE013000E828D5 /* libcrypto.dylib */; };
		276248230ED3D6FA0028C301 /* SystemConfiguration.framework in Frameworks */ = {isa = PBXBuildFile; fileRef = DC18E9910C9563ED0011DCE5 /* SystemConfiguration.framework */; };
		2762482A0ED3D7940028C301 /* Cocoa.framework in Frameworks */ = {isa = PBXBuildFile; fileRef = 1058C7A1FEA54F0111CA2CBB /* Cocoa.framework */; };
		276248610ED3DB720028C301 /* MainMenu.nib in Resources */ = {isa = PBXBuildFile; fileRef = 29B97318FDCFA39411CA2CEA /* MainMenu.nib */; };
		276248620ED3DB720028C301 /* InfoPlist.strings in Resources */ = {isa = PBXBuildFile; fileRef = 089C165CFE840E0CC02AAC07 /* InfoPlist.strings */; };
		276248630ED3DB720028C301 /* ChatWindow.nib in Resources */ = {isa = PBXBuildFile; fileRef = DCF825F70D749D1800BFABDE /* ChatWindow.nib */; };
		276248650ED3DB720028C301 /* main.m in Sources */ = {isa = PBXBuildFile; fileRef = 29B97316FDCFA39411CA2CEA /* main.m */; settings = {ATTRIBUTES = (); }; };
		276248670ED3DB720028C301 /* RosterController.m in Sources */ = {isa = PBXBuildFile; fileRef = DCCE55600BDC6FAC000E2798 /* RosterController.m */; };
		2762486A0ED3DB720028C301 /* RequestController.m in Sources */ = {isa = PBXBuildFile; fileRef = DCF825940D748DC000BFABDE /* RequestController.m */; };
		2762486B0ED3DB720028C301 /* ChatController.m in Sources */ = {isa = PBXBuildFile; fileRef = DCF825F40D749A5100BFABDE /* ChatController.m */; };
		2762486C0ED3DB720028C301 /* ChatWindowManager.m in Sources */ = {isa = PBXBuildFile; fileRef = DCF8260E0D74A5A000BFABDE /* ChatWindowManager.m */; };
		276248800ED3DB720028C301 /* Cocoa.framework in Frameworks */ = {isa = PBXBuildFile; fileRef = 1058C7A1FEA54F0111CA2CBB /* Cocoa.framework */; };
		276248820ED3DB720028C301 /* libcrypto.dylib in Frameworks */ = {isa = PBXBuildFile; fileRef = DCAB742B0BDE013000E828D5 /* libcrypto.dylib */; };
		276248830ED3DB720028C301 /* SystemConfiguration.framework in Frameworks */ = {isa = PBXBuildFile; fileRef = DC18E9910C9563ED0011DCE5 /* SystemConfiguration.framework */; };
		276248970ED3DCC10028C301 /* XMPP.framework in Frameworks */ = {isa = PBXBuildFile; fileRef = 276247AE0ED3D4590028C301 /* XMPP.framework */; };
		8D11072A0486CEB800E47090 /* MainMenu.nib in Resources */ = {isa = PBXBuildFile; fileRef = 29B97318FDCFA39411CA2CEA /* MainMenu.nib */; };
		8D11072B0486CEB800E47090 /* InfoPlist.strings in Resources */ = {isa = PBXBuildFile; fileRef = 089C165CFE840E0CC02AAC07 /* InfoPlist.strings */; };
		8D11072D0486CEB800E47090 /* main.m in Sources */ = {isa = PBXBuildFile; fileRef = 29B97316FDCFA39411CA2CEA /* main.m */; settings = {ATTRIBUTES = (); }; };
		8D11072F0486CEB800E47090 /* Cocoa.framework in Frameworks */ = {isa = PBXBuildFile; fileRef = 1058C7A1FEA54F0111CA2CBB /* Cocoa.framework */; };
		DC0E7D320EADD7DE00B81D90 /* SSCrypto.m in Sources */ = {isa = PBXBuildFile; fileRef = DC0E7D310EADD7DE00B81D90 /* SSCrypto.m */; };
		DC18E9920C9563ED0011DCE5 /* SystemConfiguration.framework in Frameworks */ = {isa = PBXBuildFile; fileRef = DC18E9910C9563ED0011DCE5 /* SystemConfiguration.framework */; };
		DC270C420EDC917C001D7F93 /* XMPP.framework in Copy Internal Frameworks */ = {isa = PBXBuildFile; fileRef = 276247AE0ED3D4590028C301 /* XMPP.framework */; };
		DC5247D80BE318AE002F838C /* XMPPUser.m in Sources */ = {isa = PBXBuildFile; fileRef = DC5247D60BE318AE002F838C /* XMPPUser.m */; };
		DC63E9210E65D5140076E6D2 /* XMPPTransports.m in Sources */ = {isa = PBXBuildFile; fileRef = DC63E9200E65D5140076E6D2 /* XMPPTransports.m */; };
		DC63E9FA0E65FD570076E6D2 /* SCNotificationManager.m in Sources */ = {isa = PBXBuildFile; fileRef = DC63E9F90E65FD570076E6D2 /* SCNotificationManager.m */; };
		DC7B2BF20DE620B80055F60A /* XMPPElement.m in Sources */ = {isa = PBXBuildFile; fileRef = DC7B2BF10DE620B80055F60A /* XMPPElement.m */; };
		DC839B430F741484000F2C7F /* XMPPPing.h in Headers */ = {isa = PBXBuildFile; fileRef = DC839B410F741484000F2C7F /* XMPPPing.h */; settings = {ATTRIBUTES = (Public, ); }; };
		DC839B440F741484000F2C7F /* XMPPPing.m in Sources */ = {isa = PBXBuildFile; fileRef = DC839B420F741484000F2C7F /* XMPPPing.m */; };
		DC839B450F741484000F2C7F /* XMPPPing.m in Sources */ = {isa = PBXBuildFile; fileRef = DC839B420F741484000F2C7F /* XMPPPing.m */; };
		DCAB742C0BDE013000E828D5 /* libcrypto.dylib in Frameworks */ = {isa = PBXBuildFile; fileRef = DCAB742B0BDE013000E828D5 /* libcrypto.dylib */; };
		DCAF51130EC8C3CD00445B85 /* MulticastDelegate.m in Sources */ = {isa = PBXBuildFile; fileRef = DCAF51120EC8C3CD00445B85 /* MulticastDelegate.m */; };
		DCB73CC40E58ECCF0086B3DC /* NSDataAdditions.m in Sources */ = {isa = PBXBuildFile; fileRef = DCB73CC30E58ECCF0086B3DC /* NSDataAdditions.m */; };
		DCB9BA0C0DDB71E7002DA335 /* XMPPClient.m in Sources */ = {isa = PBXBuildFile; fileRef = DCB9BA0B0DDB71E7002DA335 /* XMPPClient.m */; };
		DCB9BA0F0DDB7237002DA335 /* XMPPResource.m in Sources */ = {isa = PBXBuildFile; fileRef = DCB9BA0E0DDB7237002DA335 /* XMPPResource.m */; };
		DCB9BA120DDB73B1002DA335 /* XMPPJID.m in Sources */ = {isa = PBXBuildFile; fileRef = DCB9BA110DDB73B1002DA335 /* XMPPJID.m */; };
		DCB9BA150DDB73CC002DA335 /* XMPPIQ.m in Sources */ = {isa = PBXBuildFile; fileRef = DCB9BA140DDB73CC002DA335 /* XMPPIQ.m */; };
		DCB9BA180DDB73DA002DA335 /* XMPPPresence.m in Sources */ = {isa = PBXBuildFile; fileRef = DCB9BA170DDB73DA002DA335 /* XMPPPresence.m */; };
		DCB9BA1B0DDB73E6002DA335 /* XMPPMessage.m in Sources */ = {isa = PBXBuildFile; fileRef = DCB9BA1A0DDB73E6002DA335 /* XMPPMessage.m */; };
		DCB9BB0A0DDC969C002DA335 /* LibIDN.m in Sources */ = {isa = PBXBuildFile; fileRef = DCB9BB090DDC969C002DA335 /* LibIDN.m */; };
		DCCE55390BDC6290000E2798 /* AsyncSocket.m in Sources */ = {isa = PBXBuildFile; fileRef = DCCE55380BDC6290000E2798 /* AsyncSocket.m */; };
		DCCE55610BDC6FAC000E2798 /* RosterController.m in Sources */ = {isa = PBXBuildFile; fileRef = DCCE55600BDC6FAC000E2798 /* RosterController.m */; };
		DCCE55680BDC7030000E2798 /* TCPXMPPStream.m in Sources */ = {isa = PBXBuildFile; fileRef = DCCE55670BDC7030000E2798 /* TCPXMPPStream.m */; };
		DCF825950D748DC000BFABDE /* RequestController.m in Sources */ = {isa = PBXBuildFile; fileRef = DCF825940D748DC000BFABDE /* RequestController.m */; };
		DCF825F50D749A5100BFABDE /* ChatController.m in Sources */ = {isa = PBXBuildFile; fileRef = DCF825F40D749A5100BFABDE /* ChatController.m */; };
		DCF825F90D749D1800BFABDE /* ChatWindow.nib in Resources */ = {isa = PBXBuildFile; fileRef = DCF825F70D749D1800BFABDE /* ChatWindow.nib */; };
		DCF8260F0D74A5A000BFABDE /* ChatWindowManager.m in Sources */ = {isa = PBXBuildFile; fileRef = DCF8260E0D74A5A000BFABDE /* ChatWindowManager.m */; };
/* End PBXBuildFile section */

/* Begin PBXContainerItemProxy section */
		2762488D0ED3DBB50028C301 /* PBXContainerItemProxy */ = {
			isa = PBXContainerItemProxy;
			containerPortal = 29B97313FDCFA39411CA2CEA /* Project object */;
			proxyType = 1;
			remoteGlobalIDString = 276247AD0ED3D4590028C301;
			remoteInfo = Framework;
		};
/* End PBXContainerItemProxy section */

/* Begin PBXCopyFilesBuildPhase section */
		276248860ED3DB720028C301 /* Copy Internal Frameworks */ = {
			isa = PBXCopyFilesBuildPhase;
			buildActionMask = 2147483647;
			dstPath = "";
			dstSubfolderSpec = 10;
			files = (
				DC270C420EDC917C001D7F93 /* XMPP.framework in Copy Internal Frameworks */,
			);
			name = "Copy Internal Frameworks";
			runOnlyForDeploymentPostprocessing = 0;
		};
/* End PBXCopyFilesBuildPhase section */

/* Begin PBXFileReference section */
		0740F0C4101F70CC008C946A /* XMPPNamespaces.h */ = {isa = PBXFileReference; fileEncoding = 4; lastKnownFileType = sourcecode.c.h; path = XMPPNamespaces.h; sourceTree = "<group>"; };
		0740F0C5101F70CC008C946A /* XMPPNamespaces.m */ = {isa = PBXFileReference; fileEncoding = 4; lastKnownFileType = sourcecode.c.objc; path = XMPPNamespaces.m; sourceTree = "<group>"; };
		0740F116101F80C8008C946A /* BOSHXMPPRequest.h */ = {isa = PBXFileReference; fileEncoding = 4; lastKnownFileType = sourcecode.c.h; path = BOSHXMPPRequest.h; sourceTree = "<group>"; };
		0740F117101F80C8008C946A /* BOSHXMPPRequest.m */ = {isa = PBXFileReference; fileEncoding = 4; lastKnownFileType = sourcecode.c.objc; path = BOSHXMPPRequest.m; sourceTree = "<group>"; };
		075F5D6C1023B16600106C69 /* libidn.a */ = {isa = PBXFileReference; lastKnownFileType = archive.ar; name = libidn.a; path = libidn/Mac/libidn.a; sourceTree = "<group>"; };
		075F5EF01023C34E00106C69 /* DDXMLElementAdditions.h */ = {isa = PBXFileReference; fileEncoding = 4; lastKnownFileType = sourcecode.c.h; name = DDXMLElementAdditions.h; path = KissXML/DDXMLElementAdditions.h; sourceTree = SOURCE_ROOT; };
		075F5EF11023C34E00106C69 /* DDXMLElementAdditions.m */ = {isa = PBXFileReference; fileEncoding = 4; lastKnownFileType = sourcecode.c.objc; name = DDXMLElementAdditions.m; path = KissXML/DDXMLElementAdditions.m; sourceTree = SOURCE_ROOT; };
		075FDCFB101CCDB9001DE5FD /* AbstractXMPPStream.h */ = {isa = PBXFileReference; fileEncoding = 4; lastKnownFileType = sourcecode.c.h; path = AbstractXMPPStream.h; sourceTree = "<group>"; };
		075FDD35101CCFEA001DE5FD /* AbstractXMPPStream.m */ = {isa = PBXFileReference; fileEncoding = 4; lastKnownFileType = sourcecode.c.objc; path = AbstractXMPPStream.m; sourceTree = "<group>"; };
		075FDE0E101D6EDC001DE5FD /* XMPPStreamDelegate.h */ = {isa = PBXFileReference; fileEncoding = 4; lastKnownFileType = sourcecode.c.h; path = XMPPStreamDelegate.h; sourceTree = "<group>"; };
		075FDE4D101D70F1001DE5FD /* XMPPDigestAuthentication.h */ = {isa = PBXFileReference; fileEncoding = 4; lastKnownFileType = sourcecode.c.h; path = XMPPDigestAuthentication.h; sourceTree = "<group>"; };
		075FDE4E101D70F1001DE5FD /* XMPPDigestAuthentication.m */ = {isa = PBXFileReference; fileEncoding = 4; lastKnownFileType = sourcecode.c.objc; path = XMPPDigestAuthentication.m; sourceTree = "<group>"; };
		07943963101E2E2A00EA3463 /* BOSHXMPPStream.h */ = {isa = PBXFileReference; fileEncoding = 4; lastKnownFileType = sourcecode.c.h; path = BOSHXMPPStream.h; sourceTree = "<group>"; };
		07943964101E2E2A00EA3463 /* BOSHXMPPStream.m */ = {isa = PBXFileReference; fileEncoding = 4; lastKnownFileType = sourcecode.c.objc; path = BOSHXMPPStream.m; sourceTree = "<group>"; };
		07EF1891102299D600FEFBB2 /* libXMPP.a */ = {isa = PBXFileReference; explicitFileType = archive.ar; includeInIndex = 0; path = libXMPP.a; sourceTree = BUILT_PRODUCTS_DIR; };
		07EF19CE102371F400FEFBB2 /* CoreServices.framework */ = {isa = PBXFileReference; lastKnownFileType = wrapper.framework; name = CoreServices.framework; path = System/Library/Frameworks/CoreServices.framework; sourceTree = SDKROOT; };
		07EF19F21023724800FEFBB2 /* CFNetwork.framework */ = {isa = PBXFileReference; lastKnownFileType = wrapper.framework; name = CFNetwork.framework; path = /System/Library/Frameworks/CoreServices.framework/Versions/A/Frameworks/CFNetwork.framework; sourceTree = "<absolute>"; };
		07EF1C6510238A2600FEFBB2 /* libxml2.dylib */ = {isa = PBXFileReference; lastKnownFileType = "compiled.mach-o.dylib"; name = libxml2.dylib; path = usr/lib/libxml2.dylib; sourceTree = SDKROOT; };
		089C165DFE840E0CC02AAC07 /* English */ = {isa = PBXFileReference; fileEncoding = 10; lastKnownFileType = text.plist.strings; name = English; path = English.lproj/InfoPlist.strings; sourceTree = "<group>"; };
		1058C7A1FEA54F0111CA2CBB /* Cocoa.framework */ = {isa = PBXFileReference; lastKnownFileType = wrapper.framework; name = Cocoa.framework; path = /System/Library/Frameworks/Cocoa.framework; sourceTree = "<absolute>"; };
		13E42FB307B3F0F600E4EEF1 /* CoreData.framework */ = {isa = PBXFileReference; lastKnownFileType = wrapper.framework; name = CoreData.framework; path = /System/Library/Frameworks/CoreData.framework; sourceTree = "<absolute>"; };
		276247AE0ED3D4590028C301 /* XMPP.framework */ = {isa = PBXFileReference; explicitFileType = wrapper.framework; includeInIndex = 0; path = XMPP.framework; sourceTree = BUILT_PRODUCTS_DIR; };
		276247F60ED3D5680028C301 /* XMPP.exp */ = {isa = PBXFileReference; fileEncoding = 4; lastKnownFileType = sourcecode.exports; path = XMPP.exp; sourceTree = "<group>"; };
		2762488A0ED3DB720028C301 /* XMPPStreamMini.app */ = {isa = PBXFileReference; explicitFileType = wrapper.application; includeInIndex = 0; path = XMPPStreamMini.app; sourceTree = BUILT_PRODUCTS_DIR; };
		29B97316FDCFA39411CA2CEA /* main.m */ = {isa = PBXFileReference; fileEncoding = 4; lastKnownFileType = sourcecode.c.objc; path = main.m; sourceTree = "<group>"; };
		29B97319FDCFA39411CA2CEA /* English */ = {isa = PBXFileReference; lastKnownFileType = wrapper.nib; name = English; path = English.lproj/MainMenu.nib; sourceTree = "<group>"; };
		29B97324FDCFA39411CA2CEA /* AppKit.framework */ = {isa = PBXFileReference; lastKnownFileType = wrapper.framework; name = AppKit.framework; path = /System/Library/Frameworks/AppKit.framework; sourceTree = "<absolute>"; };
		29B97325FDCFA39411CA2CEA /* Foundation.framework */ = {isa = PBXFileReference; lastKnownFileType = wrapper.framework; name = Foundation.framework; path = /System/Library/Frameworks/Foundation.framework; sourceTree = "<absolute>"; };
		32CA4F630368D1EE00C91783 /* XMPPStream_Prefix.pch */ = {isa = PBXFileReference; fileEncoding = 4; lastKnownFileType = sourcecode.c.h; path = XMPPStream_Prefix.pch; sourceTree = "<group>"; };
		8D1107310486CEB800E47090 /* Info.plist */ = {isa = PBXFileReference; fileEncoding = 4; lastKnownFileType = text.plist; path = Info.plist; sourceTree = "<group>"; };
		8D1107320486CEB800E47090 /* XMPPStream.app */ = {isa = PBXFileReference; explicitFileType = wrapper.application; includeInIndex = 0; path = XMPPStream.app; sourceTree = BUILT_PRODUCTS_DIR; };
		DC0E7D300EADD7DE00B81D90 /* SSCrypto.h */ = {isa = PBXFileReference; fileEncoding = 4; lastKnownFileType = sourcecode.c.h; path = SSCrypto.h; sourceTree = "<group>"; };
		DC0E7D310EADD7DE00B81D90 /* SSCrypto.m */ = {isa = PBXFileReference; fileEncoding = 4; lastKnownFileType = sourcecode.c.objc; path = SSCrypto.m; sourceTree = "<group>"; };
		DC18E9910C9563ED0011DCE5 /* SystemConfiguration.framework */ = {isa = PBXFileReference; lastKnownFileType = wrapper.framework; name = SystemConfiguration.framework; path = /System/Library/Frameworks/SystemConfiguration.framework; sourceTree = "<absolute>"; };
		DC270B930EDC8D80001D7F93 /* Info-Framework.plist */ = {isa = PBXFileReference; fileEncoding = 4; lastKnownFileType = text.plist.xml; path = "Info-Framework.plist"; sourceTree = "<group>"; };
		DC270C4A0EDC9207001D7F93 /* Info-Mini.plist */ = {isa = PBXFileReference; fileEncoding = 4; lastKnownFileType = text.plist.xml; path = "Info-Mini.plist"; sourceTree = "<group>"; };
		DC5247D50BE318AE002F838C /* XMPPUser.h */ = {isa = PBXFileReference; fileEncoding = 4; lastKnownFileType = sourcecode.c.h; path = XMPPUser.h; sourceTree = "<group>"; };
		DC5247D60BE318AE002F838C /* XMPPUser.m */ = {isa = PBXFileReference; fileEncoding = 4; lastKnownFileType = sourcecode.c.objc; path = XMPPUser.m; sourceTree = "<group>"; };
		DC63E91F0E65D5140076E6D2 /* XMPPTransports.h */ = {isa = PBXFileReference; fileEncoding = 4; lastKnownFileType = sourcecode.c.h; path = XMPPTransports.h; sourceTree = "<group>"; };
		DC63E9200E65D5140076E6D2 /* XMPPTransports.m */ = {isa = PBXFileReference; fileEncoding = 4; lastKnownFileType = sourcecode.c.objc; path = XMPPTransports.m; sourceTree = "<group>"; };
		DC63E9F80E65FD570076E6D2 /* SCNotificationManager.h */ = {isa = PBXFileReference; fileEncoding = 4; lastKnownFileType = sourcecode.c.h; path = SCNotificationManager.h; sourceTree = "<group>"; };
		DC63E9F90E65FD570076E6D2 /* SCNotificationManager.m */ = {isa = PBXFileReference; fileEncoding = 4; lastKnownFileType = sourcecode.c.objc; path = SCNotificationManager.m; sourceTree = "<group>"; };
		DC7B2BF00DE620B80055F60A /* XMPPElement.h */ = {isa = PBXFileReference; fileEncoding = 4; lastKnownFileType = sourcecode.c.h; path = XMPPElement.h; sourceTree = "<group>"; };
		DC7B2BF10DE620B80055F60A /* XMPPElement.m */ = {isa = PBXFileReference; fileEncoding = 4; lastKnownFileType = sourcecode.c.objc; path = XMPPElement.m; sourceTree = "<group>"; };
		DC839B410F741484000F2C7F /* XMPPPing.h */ = {isa = PBXFileReference; fileEncoding = 4; lastKnownFileType = sourcecode.c.h; path = XMPPPing.h; sourceTree = "<group>"; };
		DC839B420F741484000F2C7F /* XMPPPing.m */ = {isa = PBXFileReference; fileEncoding = 4; lastKnownFileType = sourcecode.c.objc; path = XMPPPing.m; sourceTree = "<group>"; };
		DCAB742B0BDE013000E828D5 /* libcrypto.dylib */ = {isa = PBXFileReference; lastKnownFileType = "compiled.mach-o.dylib"; name = libcrypto.dylib; path = /usr/lib/libcrypto.dylib; sourceTree = "<absolute>"; };
		DCAF51110EC8C3CD00445B85 /* MulticastDelegate.h */ = {isa = PBXFileReference; fileEncoding = 4; lastKnownFileType = sourcecode.c.h; path = MulticastDelegate.h; sourceTree = "<group>"; };
		DCAF51120EC8C3CD00445B85 /* MulticastDelegate.m */ = {isa = PBXFileReference; fileEncoding = 4; lastKnownFileType = sourcecode.c.objc; path = MulticastDelegate.m; sourceTree = "<group>"; };
		DCB73CC20E58ECCF0086B3DC /* NSDataAdditions.h */ = {isa = PBXFileReference; fileEncoding = 4; lastKnownFileType = sourcecode.c.h; path = NSDataAdditions.h; sourceTree = "<group>"; };
		DCB73CC30E58ECCF0086B3DC /* NSDataAdditions.m */ = {isa = PBXFileReference; fileEncoding = 4; lastKnownFileType = sourcecode.c.objc; path = NSDataAdditions.m; sourceTree = "<group>"; };
		DCB9BA0A0DDB71E7002DA335 /* XMPPClient.h */ = {isa = PBXFileReference; fileEncoding = 4; lastKnownFileType = sourcecode.c.h; path = XMPPClient.h; sourceTree = "<group>"; };
		DCB9BA0B0DDB71E7002DA335 /* XMPPClient.m */ = {isa = PBXFileReference; fileEncoding = 4; lastKnownFileType = sourcecode.c.objc; path = XMPPClient.m; sourceTree = "<group>"; };
		DCB9BA0D0DDB7237002DA335 /* XMPPResource.h */ = {isa = PBXFileReference; fileEncoding = 4; lastKnownFileType = sourcecode.c.h; path = XMPPResource.h; sourceTree = "<group>"; };
		DCB9BA0E0DDB7237002DA335 /* XMPPResource.m */ = {isa = PBXFileReference; fileEncoding = 4; lastKnownFileType = sourcecode.c.objc; path = XMPPResource.m; sourceTree = "<group>"; };
		DCB9BA100DDB73B1002DA335 /* XMPPJID.h */ = {isa = PBXFileReference; fileEncoding = 4; lastKnownFileType = sourcecode.c.h; path = XMPPJID.h; sourceTree = "<group>"; };
		DCB9BA110DDB73B1002DA335 /* XMPPJID.m */ = {isa = PBXFileReference; fileEncoding = 4; lastKnownFileType = sourcecode.c.objc; path = XMPPJID.m; sourceTree = "<group>"; };
		DCB9BA130DDB73CC002DA335 /* XMPPIQ.h */ = {isa = PBXFileReference; fileEncoding = 4; lastKnownFileType = sourcecode.c.h; path = XMPPIQ.h; sourceTree = "<group>"; };
		DCB9BA140DDB73CC002DA335 /* XMPPIQ.m */ = {isa = PBXFileReference; fileEncoding = 4; lastKnownFileType = sourcecode.c.objc; path = XMPPIQ.m; sourceTree = "<group>"; };
		DCB9BA160DDB73DA002DA335 /* XMPPPresence.h */ = {isa = PBXFileReference; fileEncoding = 4; lastKnownFileType = sourcecode.c.h; path = XMPPPresence.h; sourceTree = "<group>"; };
		DCB9BA170DDB73DA002DA335 /* XMPPPresence.m */ = {isa = PBXFileReference; fileEncoding = 4; lastKnownFileType = sourcecode.c.objc; path = XMPPPresence.m; sourceTree = "<group>"; };
		DCB9BA190DDB73E6002DA335 /* XMPPMessage.h */ = {isa = PBXFileReference; fileEncoding = 4; lastKnownFileType = sourcecode.c.h; path = XMPPMessage.h; sourceTree = "<group>"; };
		DCB9BA1A0DDB73E6002DA335 /* XMPPMessage.m */ = {isa = PBXFileReference; fileEncoding = 4; lastKnownFileType = sourcecode.c.objc; path = XMPPMessage.m; sourceTree = "<group>"; };
		DCB9BB080DDC969C002DA335 /* LibIDN.h */ = {isa = PBXFileReference; fileEncoding = 4; lastKnownFileType = sourcecode.c.h; path = LibIDN.h; sourceTree = "<group>"; };
		DCB9BB090DDC969C002DA335 /* LibIDN.m */ = {isa = PBXFileReference; fileEncoding = 4; lastKnownFileType = sourcecode.c.objc; path = LibIDN.m; sourceTree = "<group>"; };
		DCB9BBD80DDCE75F002DA335 /* stringprep.h */ = {isa = PBXFileReference; fileEncoding = 4; lastKnownFileType = sourcecode.c.h; name = stringprep.h; path = libidn/stringprep.h; sourceTree = "<group>"; };
		DCB9BBEF0DDCEDA6002DA335 /* XMPP.h */ = {isa = PBXFileReference; fileEncoding = 4; lastKnownFileType = sourcecode.c.h; path = XMPP.h; sourceTree = "<group>"; };
		DCC1A6E80DF0E3A300D3C1E7 /* idn-int.h */ = {isa = PBXFileReference; fileEncoding = 4; lastKnownFileType = sourcecode.c.h; name = "idn-int.h"; path = "libidn/idn-int.h"; sourceTree = "<group>"; };
		DCCE55370BDC6290000E2798 /* AsyncSocket.h */ = {isa = PBXFileReference; fileEncoding = 30; lastKnownFileType = sourcecode.c.h; path = AsyncSocket.h; sourceTree = "<group>"; };
		DCCE55380BDC6290000E2798 /* AsyncSocket.m */ = {isa = PBXFileReference; fileEncoding = 30; lastKnownFileType = sourcecode.c.objc; path = AsyncSocket.m; sourceTree = "<group>"; };
		DCCE555F0BDC6FAC000E2798 /* RosterController.h */ = {isa = PBXFileReference; fileEncoding = 30; lastKnownFileType = sourcecode.c.h; path = RosterController.h; sourceTree = "<group>"; };
		DCCE55600BDC6FAC000E2798 /* RosterController.m */ = {isa = PBXFileReference; fileEncoding = 30; lastKnownFileType = sourcecode.c.objc; path = RosterController.m; sourceTree = "<group>"; };
		DCCE55660BDC7030000E2798 /* TCPXMPPStream.h */ = {isa = PBXFileReference; fileEncoding = 4; lastKnownFileType = sourcecode.c.h; path = TCPXMPPStream.h; sourceTree = "<group>"; };
		DCCE55670BDC7030000E2798 /* TCPXMPPStream.m */ = {isa = PBXFileReference; fileEncoding = 4; lastKnownFileType = sourcecode.c.objc; path = TCPXMPPStream.m; sourceTree = "<group>"; };
		DCD886890E8CE26A00CD15A2 /* DDXML.h */ = {isa = PBXFileReference; fileEncoding = 4; lastKnownFileType = sourcecode.c.h; name = DDXML.h; path = KissXML/DDXML.h; sourceTree = "<group>"; };
		DCD8868A0E8CE26A00CD15A2 /* DDXMLDocument.h */ = {isa = PBXFileReference; fileEncoding = 4; lastKnownFileType = sourcecode.c.h; name = DDXMLDocument.h; path = KissXML/DDXMLDocument.h; sourceTree = "<group>"; };
		DCD8868B0E8CE26A00CD15A2 /* DDXMLDocument.m */ = {isa = PBXFileReference; fileEncoding = 4; lastKnownFileType = sourcecode.c.objc; name = DDXMLDocument.m; path = KissXML/DDXMLDocument.m; sourceTree = "<group>"; };
		DCD8868C0E8CE26A00CD15A2 /* DDXMLElement.h */ = {isa = PBXFileReference; fileEncoding = 4; lastKnownFileType = sourcecode.c.h; name = DDXMLElement.h; path = KissXML/DDXMLElement.h; sourceTree = "<group>"; };
		DCD8868D0E8CE26A00CD15A2 /* DDXMLElement.m */ = {isa = PBXFileReference; fileEncoding = 4; lastKnownFileType = sourcecode.c.objc; name = DDXMLElement.m; path = KissXML/DDXMLElement.m; sourceTree = "<group>"; };
		DCD8868E0E8CE26A00CD15A2 /* DDXMLNode.h */ = {isa = PBXFileReference; fileEncoding = 4; lastKnownFileType = sourcecode.c.h; name = DDXMLNode.h; path = KissXML/DDXMLNode.h; sourceTree = "<group>"; };
		DCD8868F0E8CE26A00CD15A2 /* DDXMLNode.m */ = {isa = PBXFileReference; fileEncoding = 4; lastKnownFileType = sourcecode.c.objc; name = DDXMLNode.m; path = KissXML/DDXMLNode.m; sourceTree = "<group>"; };
		DCD886900E8CE26A00CD15A2 /* DDXMLPrivate.h */ = {isa = PBXFileReference; fileEncoding = 4; lastKnownFileType = sourcecode.c.h; name = DDXMLPrivate.h; path = KissXML/DDXMLPrivate.h; sourceTree = "<group>"; };
		DCD886910E8CE26A00CD15A2 /* NSStringAdditions.h */ = {isa = PBXFileReference; fileEncoding = 4; lastKnownFileType = sourcecode.c.h; name = NSStringAdditions.h; path = KissXML/NSStringAdditions.h; sourceTree = "<group>"; };
		DCD886920E8CE26A00CD15A2 /* NSStringAdditions.m */ = {isa = PBXFileReference; fileEncoding = 4; lastKnownFileType = sourcecode.c.objc; name = NSStringAdditions.m; path = KissXML/NSStringAdditions.m; sourceTree = "<group>"; };
		DCF825930D748DC000BFABDE /* RequestController.h */ = {isa = PBXFileReference; fileEncoding = 4; lastKnownFileType = sourcecode.c.h; path = RequestController.h; sourceTree = "<group>"; };
		DCF825940D748DC000BFABDE /* RequestController.m */ = {isa = PBXFileReference; fileEncoding = 4; lastKnownFileType = sourcecode.c.objc; path = RequestController.m; sourceTree = "<group>"; };
		DCF825F30D749A5100BFABDE /* ChatController.h */ = {isa = PBXFileReference; fileEncoding = 4; lastKnownFileType = sourcecode.c.h; path = ChatController.h; sourceTree = "<group>"; };
		DCF825F40D749A5100BFABDE /* ChatController.m */ = {isa = PBXFileReference; fileEncoding = 4; lastKnownFileType = sourcecode.c.objc; path = ChatController.m; sourceTree = "<group>"; };
		DCF825F80D749D1800BFABDE /* English */ = {isa = PBXFileReference; lastKnownFileType = wrapper.nib; name = English; path = English.lproj/ChatWindow.nib; sourceTree = "<group>"; };
		DCF8260D0D74A5A000BFABDE /* ChatWindowManager.h */ = {isa = PBXFileReference; fileEncoding = 4; lastKnownFileType = sourcecode.c.h; path = ChatWindowManager.h; sourceTree = "<group>"; };
		DCF8260E0D74A5A000BFABDE /* ChatWindowManager.m */ = {isa = PBXFileReference; fileEncoding = 4; lastKnownFileType = sourcecode.c.objc; path = ChatWindowManager.m; sourceTree = "<group>"; };
/* End PBXFileReference section */

/* Begin PBXFrameworksBuildPhase section */
		07EF188F102299D600FEFBB2 /* Frameworks */ = {
			isa = PBXFrameworksBuildPhase;
			buildActionMask = 2147483647;
			files = (
				07EF19F31023724800FEFBB2 /* CFNetwork.framework in Frameworks */,
			);
			runOnlyForDeploymentPostprocessing = 0;
		};
		276247AC0ED3D4590028C301 /* Frameworks */ = {
			isa = PBXFrameworksBuildPhase;
			buildActionMask = 2147483647;
			files = (
				2762482A0ED3D7940028C301 /* Cocoa.framework in Frameworks */,
				276248230ED3D6FA0028C301 /* SystemConfiguration.framework in Frameworks */,
				2762481F0ED3D6F60028C301 /* libcrypto.dylib in Frameworks */,
			);
			runOnlyForDeploymentPostprocessing = 0;
		};
		2762487F0ED3DB720028C301 /* Frameworks */ = {
			isa = PBXFrameworksBuildPhase;
			buildActionMask = 2147483647;
			files = (
				276248800ED3DB720028C301 /* Cocoa.framework in Frameworks */,
				276248830ED3DB720028C301 /* SystemConfiguration.framework in Frameworks */,
				276248820ED3DB720028C301 /* libcrypto.dylib in Frameworks */,
				276248970ED3DCC10028C301 /* XMPP.framework in Frameworks */,
			);
			runOnlyForDeploymentPostprocessing = 0;
		};
		8D11072E0486CEB800E47090 /* Frameworks */ = {
			isa = PBXFrameworksBuildPhase;
			buildActionMask = 2147483647;
			files = (
				075F5D711023B19100106C69 /* libidn.a in Frameworks */,
				8D11072F0486CEB800E47090 /* Cocoa.framework in Frameworks */,
				DC18E9920C9563ED0011DCE5 /* SystemConfiguration.framework in Frameworks */,
				DCAB742C0BDE013000E828D5 /* libcrypto.dylib in Frameworks */,
			);
			runOnlyForDeploymentPostprocessing = 0;
		};
/* End PBXFrameworksBuildPhase section */

/* Begin PBXGroup section */
		075FDCE0101CCD23001DE5FD /* BOSH */ = {
			isa = PBXGroup;
			children = (
				07943963101E2E2A00EA3463 /* BOSHXMPPStream.h */,
				07943964101E2E2A00EA3463 /* BOSHXMPPStream.m */,
				0740F116101F80C8008C946A /* BOSHXMPPRequest.h */,
				0740F117101F80C8008C946A /* BOSHXMPPRequest.m */,
			);
			name = BOSH;
			sourceTree = "<group>";
		};
		080E96DDFE201D6D7F000001 /* TCP */ = {
			isa = PBXGroup;
			children = (
				DCCE55370BDC6290000E2798 /* AsyncSocket.h */,
				DCCE55380BDC6290000E2798 /* AsyncSocket.m */,
				DCCE55660BDC7030000E2798 /* TCPXMPPStream.h */,
				DCCE55670BDC7030000E2798 /* TCPXMPPStream.m */,
			);
			name = TCP;
			sourceTree = "<group>";
			tabWidth = 4;
			usesTabs = 1;
		};
		1058C7A0FEA54F0111CA2CBB /* Linked Frameworks */ = {
			isa = PBXGroup;
			children = (
				075F5D6C1023B16600106C69 /* libidn.a */,
				07EF19F21023724800FEFBB2 /* CFNetwork.framework */,
				1058C7A1FEA54F0111CA2CBB /* Cocoa.framework */,
				DC18E9910C9563ED0011DCE5 /* SystemConfiguration.framework */,
				DCAB742B0BDE013000E828D5 /* libcrypto.dylib */,
			);
			name = "Linked Frameworks";
			sourceTree = "<group>";
		};
		1058C7A2FEA54F0111CA2CBB /* Other Frameworks */ = {
			isa = PBXGroup;
			children = (
				07EF19CE102371F400FEFBB2 /* CoreServices.framework */,
				29B97324FDCFA39411CA2CEA /* AppKit.framework */,
				13E42FB307B3F0F600E4EEF1 /* CoreData.framework */,
				29B97325FDCFA39411CA2CEA /* Foundation.framework */,
			);
			name = "Other Frameworks";
			sourceTree = "<group>";
		};
		19C28FACFE9D520D11CA2CBB /* Products */ = {
			isa = PBXGroup;
			children = (
				8D1107320486CEB800E47090 /* XMPPStream.app */,
				276247AE0ED3D4590028C301 /* XMPP.framework */,
				2762488A0ED3DB720028C301 /* XMPPStreamMini.app */,
				07EF1891102299D600FEFBB2 /* libXMPP.a */,
			);
			name = Products;
			sourceTree = "<group>";
		};
		29B97314FDCFA39411CA2CEA /* XMPPStream */ = {
			isa = PBXGroup;
			children = (
				DCD886850E8CE1F100CD15A2 /* KissXML */,
				DC63E9F70E65FD310076E6D2 /* Utilities */,
				075FDCE0101CCD23001DE5FD /* BOSH */,
				080E96DDFE201D6D7F000001 /* TCP */,
				DCCE55760BDC8EC8000E2798 /* XMPP */,
				DCCE55630BDC6FBC000E2798 /* GUI - MainMenu */,
				DCF8260B0D74A4AE00BFABDE /* GUI - ChatWindow */,
				29B97315FDCFA39411CA2CEA /* Other Sources */,
				29B97317FDCFA39411CA2CEA /* Resources */,
				29B97323FDCFA39411CA2CEA /* Frameworks */,
				19C28FACFE9D520D11CA2CBB /* Products */,
				07EF1C6510238A2600FEFBB2 /* libxml2.dylib */,
			);
			name = XMPPStream;
			sourceTree = "<group>";
		};
		29B97315FDCFA39411CA2CEA /* Other Sources */ = {
			isa = PBXGroup;
			children = (
				32CA4F630368D1EE00C91783 /* XMPPStream_Prefix.pch */,
				29B97316FDCFA39411CA2CEA /* main.m */,
			);
			name = "Other Sources";
			sourceTree = "<group>";
			tabWidth = 4;
			usesTabs = 1;
		};
		29B97317FDCFA39411CA2CEA /* Resources */ = {
			isa = PBXGroup;
			children = (
				8D1107310486CEB800E47090 /* Info.plist */,
				DC270B930EDC8D80001D7F93 /* Info-Framework.plist */,
				276247F60ED3D5680028C301 /* XMPP.exp */,
				DC270C4A0EDC9207001D7F93 /* Info-Mini.plist */,
				089C165CFE840E0CC02AAC07 /* InfoPlist.strings */,
				29B97318FDCFA39411CA2CEA /* MainMenu.nib */,
				DCF825F70D749D1800BFABDE /* ChatWindow.nib */,
			);
			name = Resources;
			sourceTree = "<group>";
		};
		29B97323FDCFA39411CA2CEA /* Frameworks */ = {
			isa = PBXGroup;
			children = (
				1058C7A0FEA54F0111CA2CBB /* Linked Frameworks */,
				1058C7A2FEA54F0111CA2CBB /* Other Frameworks */,
			);
			name = Frameworks;
			sourceTree = "<group>";
		};
		DC63E91E0E65D4EF0076E6D2 /* Extensions */ = {
			isa = PBXGroup;
			children = (
				DC63E91F0E65D5140076E6D2 /* XMPPTransports.h */,
				DC63E9200E65D5140076E6D2 /* XMPPTransports.m */,
				DC839B410F741484000F2C7F /* XMPPPing.h */,
				DC839B420F741484000F2C7F /* XMPPPing.m */,
			);
			name = Extensions;
			sourceTree = "<group>";
		};
		DC63E9F70E65FD310076E6D2 /* Utilities */ = {
			isa = PBXGroup;
			children = (
				DC63E9F80E65FD570076E6D2 /* SCNotificationManager.h */,
				DC63E9F90E65FD570076E6D2 /* SCNotificationManager.m */,
				DC0E7D300EADD7DE00B81D90 /* SSCrypto.h */,
				DC0E7D310EADD7DE00B81D90 /* SSCrypto.m */,
			);
			name = Utilities;
			sourceTree = "<group>";
			tabWidth = 4;
			usesTabs = 1;
		};
		DCB9BAF80DDC962C002DA335 /* Utilities */ = {
			isa = PBXGroup;
			children = (
				DCAF51110EC8C3CD00445B85 /* MulticastDelegate.h */,
				DCAF51120EC8C3CD00445B85 /* MulticastDelegate.m */,
				DCB9BB080DDC969C002DA335 /* LibIDN.h */,
				DCB9BB090DDC969C002DA335 /* LibIDN.m */,
				DCC1A6E80DF0E3A300D3C1E7 /* idn-int.h */,
				DCB9BBD80DDCE75F002DA335 /* stringprep.h */,
			);
			name = Utilities;
			sourceTree = "<group>";
		};
		DCB9BBF30DDCEE6B002DA335 /* Categories */ = {
			isa = PBXGroup;
			children = (
				DCB73CC20E58ECCF0086B3DC /* NSDataAdditions.h */,
				DCB73CC30E58ECCF0086B3DC /* NSDataAdditions.m */,
			);
			name = Categories;
			sourceTree = "<group>";
		};
		DCCE55630BDC6FBC000E2798 /* GUI - MainMenu */ = {
			isa = PBXGroup;
			children = (
				DCCE555F0BDC6FAC000E2798 /* RosterController.h */,
				DCCE55600BDC6FAC000E2798 /* RosterController.m */,
				DCF825930D748DC000BFABDE /* RequestController.h */,
				DCF825940D748DC000BFABDE /* RequestController.m */,
			);
			name = "GUI - MainMenu";
			sourceTree = "<group>";
			tabWidth = 4;
			usesTabs = 1;
		};
		DCCE55760BDC8EC8000E2798 /* XMPP */ = {
			isa = PBXGroup;
			children = (
				DCB9BBF30DDCEE6B002DA335 /* Categories */,
				DCB9BAF80DDC962C002DA335 /* Utilities */,
				075FDCFB101CCDB9001DE5FD /* AbstractXMPPStream.h */,
				075FDD35101CCFEA001DE5FD /* AbstractXMPPStream.m */,
				DCB9BBEF0DDCEDA6002DA335 /* XMPP.h */,
				DCB9BA0A0DDB71E7002DA335 /* XMPPClient.h */,
				DCB9BA0B0DDB71E7002DA335 /* XMPPClient.m */,
				DCB9BA100DDB73B1002DA335 /* XMPPJID.h */,
				DCB9BA110DDB73B1002DA335 /* XMPPJID.m */,
				DC5247D50BE318AE002F838C /* XMPPUser.h */,
				DC5247D60BE318AE002F838C /* XMPPUser.m */,
				DCB9BA0D0DDB7237002DA335 /* XMPPResource.h */,
				DCB9BA0E0DDB7237002DA335 /* XMPPResource.m */,
				DC7B2BF00DE620B80055F60A /* XMPPElement.h */,
				DC7B2BF10DE620B80055F60A /* XMPPElement.m */,
				DCB9BA130DDB73CC002DA335 /* XMPPIQ.h */,
				DCB9BA140DDB73CC002DA335 /* XMPPIQ.m */,
				DCB9BA190DDB73E6002DA335 /* XMPPMessage.h */,
				DCB9BA1A0DDB73E6002DA335 /* XMPPMessage.m */,
				DCB9BA160DDB73DA002DA335 /* XMPPPresence.h */,
				DCB9BA170DDB73DA002DA335 /* XMPPPresence.m */,
				075FDE0E101D6EDC001DE5FD /* XMPPStreamDelegate.h */,
				075FDE4D101D70F1001DE5FD /* XMPPDigestAuthentication.h */,
				075FDE4E101D70F1001DE5FD /* XMPPDigestAuthentication.m */,
				DC63E91E0E65D4EF0076E6D2 /* Extensions */,
				0740F0C4101F70CC008C946A /* XMPPNamespaces.h */,
				0740F0C5101F70CC008C946A /* XMPPNamespaces.m */,
			);
			name = XMPP;
			sourceTree = "<group>";
			tabWidth = 4;
			usesTabs = 1;
		};
		DCD886850E8CE1F100CD15A2 /* KissXML */ = {
			isa = PBXGroup;
			children = (
				DCD886970E8CE26F00CD15A2 /* Categories */,
				DCD8869F0E8CE28600CD15A2 /* Private */,
				DCD8868A0E8CE26A00CD15A2 /* DDXMLDocument.h */,
				DCD8868B0E8CE26A00CD15A2 /* DDXMLDocument.m */,
				DCD8868C0E8CE26A00CD15A2 /* DDXMLElement.h */,
				DCD8868D0E8CE26A00CD15A2 /* DDXMLElement.m */,
				DCD8868E0E8CE26A00CD15A2 /* DDXMLNode.h */,
				DCD8868F0E8CE26A00CD15A2 /* DDXMLNode.m */,
				DCD886890E8CE26A00CD15A2 /* DDXML.h */,
			);
			name = KissXML;
			sourceTree = "<group>";
			tabWidth = 4;
			usesTabs = 1;
		};
		DCD886970E8CE26F00CD15A2 /* Categories */ = {
			isa = PBXGroup;
			children = (
				075F5EF01023C34E00106C69 /* DDXMLElementAdditions.h */,
				075F5EF11023C34E00106C69 /* DDXMLElementAdditions.m */,
				DCD886910E8CE26A00CD15A2 /* NSStringAdditions.h */,
				DCD886920E8CE26A00CD15A2 /* NSStringAdditions.m */,
			);
			name = Categories;
			sourceTree = "<group>";
		};
		DCD8869F0E8CE28600CD15A2 /* Private */ = {
			isa = PBXGroup;
			children = (
				DCD886900E8CE26A00CD15A2 /* DDXMLPrivate.h */,
			);
			name = Private;
			sourceTree = "<group>";
		};
		DCF8260B0D74A4AE00BFABDE /* GUI - ChatWindow */ = {
			isa = PBXGroup;
			children = (
				DCF8260D0D74A5A000BFABDE /* ChatWindowManager.h */,
				DCF8260E0D74A5A000BFABDE /* ChatWindowManager.m */,
				DCF825F30D749A5100BFABDE /* ChatController.h */,
				DCF825F40D749A5100BFABDE /* ChatController.m */,
			);
			name = "GUI - ChatWindow";
			sourceTree = "<group>";
			tabWidth = 4;
			usesTabs = 1;
		};
/* End PBXGroup section */

/* Begin PBXHeadersBuildPhase section */
		07EF188D102299D600FEFBB2 /* Headers */ = {
			isa = PBXHeadersBuildPhase;
			buildActionMask = 2147483647;
			files = (
				075F5EF21023C34E00106C69 /* DDXMLElementAdditions.h in Headers */,
			);
			runOnlyForDeploymentPostprocessing = 0;
		};
		276247A90ED3D4590028C301 /* Headers */ = {
			isa = PBXHeadersBuildPhase;
			buildActionMask = 2147483647;
			files = (
				07EF166D1022941E00FEFBB2 /* AbstractXMPPStream.h in Headers */,
				276248050ED3D6800028C301 /* XMPP.h in Headers */,
				276248060ED3D6810028C301 /* XMPPClient.h in Headers */,
				276248080ED3D6830028C301 /* XMPPElement.h in Headers */,
				2762480A0ED3D6870028C301 /* XMPPIQ.h in Headers */,
				2762480C0ED3D6880028C301 /* XMPPJID.h in Headers */,
				2762480E0ED3D68A0028C301 /* XMPPMessage.h in Headers */,
				276248100ED3D68E0028C301 /* XMPPPresence.h in Headers */,
				276248120ED3D68F0028C301 /* XMPPResource.h in Headers */,
				276248140ED3D6930028C301 /* TCPXMPPStream.h in Headers */,
				276248160ED3D6960028C301 /* XMPPTransports.h in Headers */,
				276248180ED3D69A0028C301 /* XMPPUser.h in Headers */,
				DC839B430F741484000F2C7F /* XMPPPing.h in Headers */,
				07EF1706102296A000FEFBB2 /* DDXML.h in Headers */,
				07EF1707102296AB00FEFBB2 /* DDXMLElement.h in Headers */,
				07EF1708102296AD00FEFBB2 /* DDXMLNode.h in Headers */,
				07EF1854102297CF00FEFBB2 /* DDXMLDocument.h in Headers */,
				07EF1855102297D900FEFBB2 /* BOSHXMPPStream.h in Headers */,
				07EF1856102297DA00FEFBB2 /* BOSHXMPPRequest.h in Headers */,
				07EF192410229B2E00FEFBB2 /* stringprep.h in Headers */,
				07EF192510229B3300FEFBB2 /* idn-int.h in Headers */,
			);
			runOnlyForDeploymentPostprocessing = 0;
		};
/* End PBXHeadersBuildPhase section */

/* Begin PBXNativeTarget section */
		07EF1890102299D600FEFBB2 /* libXMPP.a */ = {
			isa = PBXNativeTarget;
			buildConfigurationList = 07EF189D102299E500FEFBB2 /* Build configuration list for PBXNativeTarget "libXMPP.a" */;
			buildPhases = (
				07EF188D102299D600FEFBB2 /* Headers */,
				07EF188E102299D600FEFBB2 /* Sources */,
				07EF188F102299D600FEFBB2 /* Frameworks */,
			);
			buildRules = (
			);
			dependencies = (
			);
			name = libXMPP.a;
			productName = XMPP;
			productReference = 07EF1891102299D600FEFBB2 /* libXMPP.a */;
			productType = "com.apple.product-type.library.static";
		};
		276247AD0ED3D4590028C301 /* Framework */ = {
			isa = PBXNativeTarget;
			buildConfigurationList = 276247B20ED3D45A0028C301 /* Build configuration list for PBXNativeTarget "Framework" */;
			buildPhases = (
				276247A90ED3D4590028C301 /* Headers */,
				276247AA0ED3D4590028C301 /* Resources */,
				276247AB0ED3D4590028C301 /* Sources */,
				276247AC0ED3D4590028C301 /* Frameworks */,
			);
			buildRules = (
			);
			dependencies = (
			);
			name = Framework;
			productName = Framework;
			productReference = 276247AE0ED3D4590028C301 /* XMPP.framework */;
			productType = "com.apple.product-type.framework";
		};
		2762485F0ED3DB720028C301 /* XMPPStreamMini */ = {
			isa = PBXNativeTarget;
			buildConfigurationList = 276248870ED3DB720028C301 /* Build configuration list for PBXNativeTarget "XMPPStreamMini" */;
			buildPhases = (
				276248600ED3DB720028C301 /* Resources */,
				276248640ED3DB720028C301 /* Sources */,
				2762487F0ED3DB720028C301 /* Frameworks */,
				276248860ED3DB720028C301 /* Copy Internal Frameworks */,
			);
			buildRules = (
			);
			dependencies = (
				2762488E0ED3DBB50028C301 /* PBXTargetDependency */,
			);
			name = XMPPStreamMini;
			productInstallPath = "$(HOME)/Applications";
			productName = XMPPStream;
			productReference = 2762488A0ED3DB720028C301 /* XMPPStreamMini.app */;
			productType = "com.apple.product-type.application";
		};
		8D1107260486CEB800E47090 /* XMPPStream */ = {
			isa = PBXNativeTarget;
			buildConfigurationList = C01FCF4A08A954540054247B /* Build configuration list for PBXNativeTarget "XMPPStream" */;
			buildPhases = (
				8D1107290486CEB800E47090 /* Resources */,
				8D11072C0486CEB800E47090 /* Sources */,
				8D11072E0486CEB800E47090 /* Frameworks */,
			);
			buildRules = (
			);
			dependencies = (
			);
			name = XMPPStream;
			productInstallPath = "$(HOME)/Applications";
			productName = XMPPStream;
			productReference = 8D1107320486CEB800E47090 /* XMPPStream.app */;
			productType = "com.apple.product-type.application";
		};
/* End PBXNativeTarget section */

/* Begin PBXProject section */
		29B97313FDCFA39411CA2CEA /* Project object */ = {
			isa = PBXProject;
			buildConfigurationList = C01FCF4E08A954540054247B /* Build configuration list for PBXProject "XMPPStream" */;
			compatibilityVersion = "Xcode 2.4";
			hasScannedForEncodings = 1;
			mainGroup = 29B97314FDCFA39411CA2CEA /* XMPPStream */;
			projectDirPath = "";
			projectRoot = "";
			targets = (
				8D1107260486CEB800E47090 /* XMPPStream */,
				276247AD0ED3D4590028C301 /* Framework */,
				2762485F0ED3DB720028C301 /* XMPPStreamMini */,
				07EF1890102299D600FEFBB2 /* libXMPP.a */,
			);
		};
/* End PBXProject section */

/* Begin PBXResourcesBuildPhase section */
		276247AA0ED3D4590028C301 /* Resources */ = {
			isa = PBXResourcesBuildPhase;
			buildActionMask = 2147483647;
			files = (
			);
			runOnlyForDeploymentPostprocessing = 0;
		};
		276248600ED3DB720028C301 /* Resources */ = {
			isa = PBXResourcesBuildPhase;
			buildActionMask = 2147483647;
			files = (
				276248610ED3DB720028C301 /* MainMenu.nib in Resources */,
				276248620ED3DB720028C301 /* InfoPlist.strings in Resources */,
				276248630ED3DB720028C301 /* ChatWindow.nib in Resources */,
			);
			runOnlyForDeploymentPostprocessing = 0;
		};
		8D1107290486CEB800E47090 /* Resources */ = {
			isa = PBXResourcesBuildPhase;
			buildActionMask = 2147483647;
			files = (
				8D11072A0486CEB800E47090 /* MainMenu.nib in Resources */,
				8D11072B0486CEB800E47090 /* InfoPlist.strings in Resources */,
				DCF825F90D749D1800BFABDE /* ChatWindow.nib in Resources */,
			);
			runOnlyForDeploymentPostprocessing = 0;
		};
/* End PBXResourcesBuildPhase section */

/* Begin PBXSourcesBuildPhase section */
		07EF188E102299D600FEFBB2 /* Sources */ = {
			isa = PBXSourcesBuildPhase;
			buildActionMask = 2147483647;
			files = (
				07EF197A10229E2200FEFBB2 /* DDXMLElement.m in Sources */,
				07EF1AC51023735E00FEFBB2 /* DDXMLNode.m in Sources */,
				07EF18B610229A2500FEFBB2 /* XMPPClient.m in Sources */,
				07EF18B710229A2500FEFBB2 /* AsyncSocket.m in Sources */,
				07EF18C310229A2500FEFBB2 /* LibIDN.m in Sources */,
				07EF1ABB1023735000FEFBB2 /* DDXMLDocument.m in Sources */,
				07EF18B910229A2500FEFBB2 /* MulticastDelegate.m in Sources */,
				07EF18BB10229A2500FEFBB2 /* XMPPIQ.m in Sources */,
				07EF18BC10229A2500FEFBB2 /* XMPPJID.m in Sources */,
				07EF18BD10229A2500FEFBB2 /* XMPPPing.m in Sources */,
				07EF18BE10229A2500FEFBB2 /* XMPPPresence.m in Sources */,
				07EF18BF10229A2500FEFBB2 /* XMPPMessage.m in Sources */,
				07EF18C010229A2500FEFBB2 /* TCPXMPPStream.m in Sources */,
				07EF18C210229A2500FEFBB2 /* XMPPResource.m in Sources */,
				07EF18C410229A2500FEFBB2 /* XMPPUser.m in Sources */,
				07EF18C510229A2500FEFBB2 /* AbstractXMPPStream.m in Sources */,
				07EF18C610229A2500FEFBB2 /* XMPPTransports.m in Sources */,
				07EF18C710229A2500FEFBB2 /* XMPPElement.m in Sources */,
				07EF18C810229A2500FEFBB2 /* NSDataAdditions.m in Sources */,
				07EF1AC61023736900FEFBB2 /* NSStringAdditions.m in Sources */,
				07EF1ADF102373BC00FEFBB2 /* BOSHXMPPRequest.m in Sources */,
				07EF1AE0102373BD00FEFBB2 /* BOSHXMPPStream.m in Sources */,
				07EF1AE41023742700FEFBB2 /* XMPPDigestAuthentication.m in Sources */,
				07EF1AE51023743F00FEFBB2 /* XMPPNamespaces.m in Sources */,
				075F5EF31023C34E00106C69 /* DDXMLElementAdditions.m in Sources */,
			);
			runOnlyForDeploymentPostprocessing = 0;
		};
		276247AB0ED3D4590028C301 /* Sources */ = {
			isa = PBXSourcesBuildPhase;
			buildActionMask = 2147483647;
			files = (
				276247FD0ED3D66A0028C301 /* SCNotificationManager.m in Sources */,
				276247FE0ED3D66B0028C301 /* SSCrypto.m in Sources */,
				276247FF0ED3D66F0028C301 /* AsyncSocket.m in Sources */,
				276248000ED3D6760028C301 /* LibIDN.m in Sources */,
				276248010ED3D6770028C301 /* MulticastDelegate.m in Sources */,
				276248020ED3D6790028C301 /* NSDataAdditions.m in Sources */,
				276248070ED3D6820028C301 /* XMPPClient.m in Sources */,
				276248090ED3D6840028C301 /* XMPPElement.m in Sources */,
				2762480B0ED3D6880028C301 /* XMPPIQ.m in Sources */,
				2762480D0ED3D6890028C301 /* XMPPJID.m in Sources */,
				2762480F0ED3D68B0028C301 /* XMPPMessage.m in Sources */,
				276248110ED3D68F0028C301 /* XMPPPresence.m in Sources */,
				276248130ED3D6900028C301 /* XMPPResource.m in Sources */,
				276248150ED3D6950028C301 /* TCPXMPPStream.m in Sources */,
				276248170ED3D6980028C301 /* XMPPTransports.m in Sources */,
				276248190ED3D69A0028C301 /* XMPPUser.m in Sources */,
				DC839B440F741484000F2C7F /* XMPPPing.m in Sources */,
				07EF15CD102291CC00FEFBB2 /* AbstractXMPPStream.m in Sources */,
			);
			runOnlyForDeploymentPostprocessing = 0;
		};
		276248640ED3DB720028C301 /* Sources */ = {
			isa = PBXSourcesBuildPhase;
			buildActionMask = 2147483647;
			files = (
				276248650ED3DB720028C301 /* main.m in Sources */,
				276248670ED3DB720028C301 /* RosterController.m in Sources */,
				2762486A0ED3DB720028C301 /* RequestController.m in Sources */,
				2762486B0ED3DB720028C301 /* ChatController.m in Sources */,
				2762486C0ED3DB720028C301 /* ChatWindowManager.m in Sources */,
			);
			runOnlyForDeploymentPostprocessing = 0;
		};
		8D11072C0486CEB800E47090 /* Sources */ = {
			isa = PBXSourcesBuildPhase;
			buildActionMask = 2147483647;
			files = (
				8D11072D0486CEB800E47090 /* main.m in Sources */,
				DCCE55390BDC6290000E2798 /* AsyncSocket.m in Sources */,
				DCCE55610BDC6FAC000E2798 /* RosterController.m in Sources */,
				DCCE55680BDC7030000E2798 /* TCPXMPPStream.m in Sources */,
				DC5247D80BE318AE002F838C /* XMPPUser.m in Sources */,
				DCF825950D748DC000BFABDE /* RequestController.m in Sources */,
				DCF825F50D749A5100BFABDE /* ChatController.m in Sources */,
				DCF8260F0D74A5A000BFABDE /* ChatWindowManager.m in Sources */,
				DCB9BA0C0DDB71E7002DA335 /* XMPPClient.m in Sources */,
				DCB9BA0F0DDB7237002DA335 /* XMPPResource.m in Sources */,
				DCB9BA120DDB73B1002DA335 /* XMPPJID.m in Sources */,
				DCB9BA150DDB73CC002DA335 /* XMPPIQ.m in Sources */,
				DCB9BA180DDB73DA002DA335 /* XMPPPresence.m in Sources */,
				DCB9BA1B0DDB73E6002DA335 /* XMPPMessage.m in Sources */,
				DCB9BB0A0DDC969C002DA335 /* LibIDN.m in Sources */,
				DC7B2BF20DE620B80055F60A /* XMPPElement.m in Sources */,
				DCB73CC40E58ECCF0086B3DC /* NSDataAdditions.m in Sources */,
				DC63E9210E65D5140076E6D2 /* XMPPTransports.m in Sources */,
				DC63E9FA0E65FD570076E6D2 /* SCNotificationManager.m in Sources */,
				DC0E7D320EADD7DE00B81D90 /* SSCrypto.m in Sources */,
				DCAF51130EC8C3CD00445B85 /* MulticastDelegate.m in Sources */,
				DC839B450F741484000F2C7F /* XMPPPing.m in Sources */,
				075FDD36101CCFEA001DE5FD /* AbstractXMPPStream.m in Sources */,
				075FDE4F101D70F1001DE5FD /* XMPPDigestAuthentication.m in Sources */,
				07943965101E2E2A00EA3463 /* BOSHXMPPStream.m in Sources */,
				0740F0C6101F70CC008C946A /* XMPPNamespaces.m in Sources */,
				0740F118101F80C8008C946A /* BOSHXMPPRequest.m in Sources */,
			);
			runOnlyForDeploymentPostprocessing = 0;
		};
/* End PBXSourcesBuildPhase section */

/* Begin PBXTargetDependency section */
		2762488E0ED3DBB50028C301 /* PBXTargetDependency */ = {
			isa = PBXTargetDependency;
			target = 276247AD0ED3D4590028C301 /* Framework */;
			targetProxy = 2762488D0ED3DBB50028C301 /* PBXContainerItemProxy */;
		};
/* End PBXTargetDependency section */

/* Begin PBXVariantGroup section */
		089C165CFE840E0CC02AAC07 /* InfoPlist.strings */ = {
			isa = PBXVariantGroup;
			children = (
				089C165DFE840E0CC02AAC07 /* English */,
			);
			name = InfoPlist.strings;
			sourceTree = "<group>";
		};
		29B97318FDCFA39411CA2CEA /* MainMenu.nib */ = {
			isa = PBXVariantGroup;
			children = (
				29B97319FDCFA39411CA2CEA /* English */,
			);
			name = MainMenu.nib;
			sourceTree = "<group>";
		};
		DCF825F70D749D1800BFABDE /* ChatWindow.nib */ = {
			isa = PBXVariantGroup;
			children = (
				DCF825F80D749D1800BFABDE /* English */,
			);
			name = ChatWindow.nib;
			sourceTree = "<group>";
		};
/* End PBXVariantGroup section */

/* Begin XCBuildConfiguration section */
		07EF1892102299D700FEFBB2 /* Debug */ = {
			isa = XCBuildConfiguration;
			buildSettings = {
				ALWAYS_SEARCH_USER_PATHS = NO;
				COPY_PHASE_STRIP = NO;
				FRAMEWORK_SEARCH_PATHS = (
					"$(inherited)",
					"$(FRAMEWORK_SEARCH_PATHS_QUOTED_FOR_TARGET_1)",
					"$(FRAMEWORK_SEARCH_PATHS_QUOTED_FOR_TARGET_2)",
				);
				FRAMEWORK_SEARCH_PATHS_QUOTED_FOR_TARGET_1 = "\"$(SYSTEM_LIBRARY_DIR)/Frameworks/CoreServices.framework/Versions/A/Frameworks\"";
				FRAMEWORK_SEARCH_PATHS_QUOTED_FOR_TARGET_2 = "\"$(SYSTEM_LIBRARY_DIR)/Frameworks/CoreServices.framework/Versions/A/Frameworks\"";
				GCC_DYNAMIC_NO_PIC = NO;
				GCC_OPTIMIZATION_LEVEL = 0;
				GCC_PREPROCESSOR_DEFINITIONS = "TARGET_OS_IPHONE=1";
				HEADER_SEARCH_PATHS = "/usr/include/libxml2/**";
				LIBRARY_SEARCH_PATHS = (
					"$(inherited)",
					"$(LIBRARY_SEARCH_PATHS_QUOTED_FOR_TARGET_1)",
					"$(LIBRARY_SEARCH_PATHS_QUOTED_FOR_TARGET_2)",
				);
				LIBRARY_SEARCH_PATHS_QUOTED_FOR_TARGET_1 = "\"$(SRCROOT)/libidn/${PLATFORM_NAME}\"";
				LIBRARY_SEARCH_PATHS_QUOTED_FOR_TARGET_2 = "\"$(SRCROOT)/libidn/Mac\"";
				OTHER_LDFLAGS = "-lidn";
				PREBINDING = NO;
				PRODUCT_NAME = XMPP;
				SDKROOT = iphonesimulator3.0;
			};
			name = Debug;
		};
		07EF1893102299D700FEFBB2 /* Release */ = {
			isa = XCBuildConfiguration;
			buildSettings = {
				ALWAYS_SEARCH_USER_PATHS = NO;
				COPY_PHASE_STRIP = YES;
				DEBUG_INFORMATION_FORMAT = "dwarf-with-dsym";
				FRAMEWORK_SEARCH_PATHS = (
					"$(inherited)",
					"$(FRAMEWORK_SEARCH_PATHS_QUOTED_FOR_TARGET_1)",
					"$(FRAMEWORK_SEARCH_PATHS_QUOTED_FOR_TARGET_2)",
				);
				FRAMEWORK_SEARCH_PATHS_QUOTED_FOR_TARGET_1 = "\"$(SYSTEM_LIBRARY_DIR)/Frameworks/CoreServices.framework/Versions/A/Frameworks\"";
				FRAMEWORK_SEARCH_PATHS_QUOTED_FOR_TARGET_2 = "\"$(SYSTEM_LIBRARY_DIR)/Frameworks/CoreServices.framework/Versions/A/Frameworks\"";
				GCC_ENABLE_FIX_AND_CONTINUE = NO;
				GCC_PREPROCESSOR_DEFINITIONS = "TARGET_OS_IPHONE=1";
				HEADER_SEARCH_PATHS = "/usr/include/libxml2/**";
				LIBRARY_SEARCH_PATHS = (
					"$(inherited)",
					"$(LIBRARY_SEARCH_PATHS_QUOTED_FOR_TARGET_1)",
					"$(LIBRARY_SEARCH_PATHS_QUOTED_FOR_TARGET_2)",
				);
				LIBRARY_SEARCH_PATHS_QUOTED_FOR_TARGET_1 = "\"$(SRCROOT)/libidn/${PLATFORM_NAME}\"";
				LIBRARY_SEARCH_PATHS_QUOTED_FOR_TARGET_2 = "\"$(SRCROOT)/libidn/Mac\"";
				OTHER_LDFLAGS = "-lidn";
				PREBINDING = NO;
				PRODUCT_NAME = XMPP;
				SDKROOT = iphonesimulator3.0;
				ZERO_LINK = NO;
			};
			name = Release;
		};
		276247B00ED3D45A0028C301 /* Debug */ = {
			isa = XCBuildConfiguration;
			buildSettings = {
				ALWAYS_SEARCH_USER_PATHS = NO;
				COPY_PHASE_STRIP = NO;
				DEAD_CODE_STRIPPING = YES;
				DYLIB_COMPATIBILITY_VERSION = 1;
				DYLIB_CURRENT_VERSION = 1;
				EXPORTED_SYMBOLS_FILE = XMPP.exp;
				FRAMEWORK_VERSION = A;
				GCC_DYNAMIC_NO_PIC = NO;
				GCC_ENABLE_FIX_AND_CONTINUE = YES;
				GCC_MODEL_TUNING = G5;
				GCC_OPTIMIZATION_LEVEL = 0;
				GCC_PRECOMPILE_PREFIX_HEADER = YES;
				GCC_PREFIX_HEADER = "$(SYSTEM_LIBRARY_DIR)/Frameworks/AppKit.framework/Headers/AppKit.h";
				GCC_SYMBOLS_PRIVATE_EXTERN = NO;
				INFOPLIST_FILE = "Info-Framework.plist";
				INSTALL_PATH = "$(HOME)/Library/Frameworks";
				LIBRARY_SEARCH_PATHS = (
					"$(inherited)",
					"$(LIBRARY_SEARCH_PATHS_QUOTED_FOR_TARGET_1)",
				);
				LIBRARY_SEARCH_PATHS_QUOTED_FOR_TARGET_1 = "\"$(SRCROOT)/libidn/Mac\"";
				OTHER_LDFLAGS = (
					"-lidn",
					"-framework",
					Foundation,
					"-framework",
					AppKit,
				);
				PREBINDING = NO;
				PRODUCT_NAME = XMPP;
			};
			name = Debug;
		};
		276247B10ED3D45A0028C301 /* Release */ = {
			isa = XCBuildConfiguration;
			buildSettings = {
				ALWAYS_SEARCH_USER_PATHS = NO;
				COPY_PHASE_STRIP = YES;
				DEAD_CODE_STRIPPING = YES;
				DEBUG_INFORMATION_FORMAT = "dwarf-with-dsym";
				DYLIB_COMPATIBILITY_VERSION = 1;
				DYLIB_CURRENT_VERSION = 1;
				EXPORTED_SYMBOLS_FILE = XMPP.exp;
				FRAMEWORK_VERSION = A;
				GCC_ENABLE_FIX_AND_CONTINUE = NO;
				GCC_MODEL_TUNING = G5;
				GCC_PRECOMPILE_PREFIX_HEADER = YES;
				GCC_PREFIX_HEADER = "$(SYSTEM_LIBRARY_DIR)/Frameworks/AppKit.framework/Headers/AppKit.h";
				GCC_SYMBOLS_PRIVATE_EXTERN = NO;
				INFOPLIST_FILE = "Info-Framework.plist";
				INSTALL_PATH = "$(HOME)/Library/Frameworks";
				LIBRARY_SEARCH_PATHS = (
					"$(inherited)",
					"$(LIBRARY_SEARCH_PATHS_QUOTED_FOR_TARGET_1)",
				);
				LIBRARY_SEARCH_PATHS_QUOTED_FOR_TARGET_1 = "\"$(SRCROOT)/libidn/Mac\"";
				OTHER_LDFLAGS = (
					"-lidn",
					"-framework",
					Foundation,
					"-framework",
					AppKit,
				);
				PREBINDING = NO;
				PRODUCT_NAME = XMPP;
				STRIP_INSTALLED_PRODUCT = YES;
				STRIP_STYLE = "non-global";
				ZERO_LINK = NO;
			};
			name = Release;
		};
		276248880ED3DB720028C301 /* Debug */ = {
			isa = XCBuildConfiguration;
			buildSettings = {
				COPY_PHASE_STRIP = NO;
				FRAMEWORK_SEARCH_PATHS = (
					"$(inherited)",
					"$(FRAMEWORK_SEARCH_PATHS_QUOTED_1)",
				);
				FRAMEWORK_SEARCH_PATHS_QUOTED_1 = "\"$(SRCROOT)\"";
				GCC_DYNAMIC_NO_PIC = NO;
				GCC_ENABLE_FIX_AND_CONTINUE = YES;
				GCC_MODEL_TUNING = G5;
				GCC_OPTIMIZATION_LEVEL = 0;
				INFOPLIST_FILE = "Info-Mini.plist";
				INSTALL_PATH = "$(HOME)/Applications";
				LIBRARY_SEARCH_PATHS = (
					"$(inherited)",
					"$(LIBRARY_SEARCH_PATHS_QUOTED_1)",
					"$(LIBRARY_SEARCH_PATHS_QUOTED_FOR_TARGET_1)",
				);
				LIBRARY_SEARCH_PATHS_QUOTED_1 = "\"$(SRCROOT)/libidn\"";
				LIBRARY_SEARCH_PATHS_QUOTED_FOR_TARGET_1 = "\"$(SRCROOT)/libidn/Mac\"";
				PRODUCT_NAME = XMPPStreamMini;
				WRAPPER_EXTENSION = app;
				ZERO_LINK = YES;
			};
			name = Debug;
		};
		276248890ED3DB720028C301 /* Release */ = {
			isa = XCBuildConfiguration;
			buildSettings = {
				FRAMEWORK_SEARCH_PATHS = (
					"$(inherited)",
					"$(FRAMEWORK_SEARCH_PATHS_QUOTED_1)",
				);
				FRAMEWORK_SEARCH_PATHS_QUOTED_1 = "\"$(SRCROOT)\"";
				GCC_GENERATE_DEBUGGING_SYMBOLS = NO;
				GCC_MODEL_TUNING = G5;
				INFOPLIST_FILE = "Info-Mini.plist";
				INSTALL_PATH = "$(HOME)/Applications";
				LIBRARY_SEARCH_PATHS = (
					"$(inherited)",
					"$(LIBRARY_SEARCH_PATHS_QUOTED_FOR_TARGET_1)",
					"$(LIBRARY_SEARCH_PATHS_QUOTED_FOR_TARGET_2)",
				);
				LIBRARY_SEARCH_PATHS_QUOTED_FOR_TARGET_1 = "\"$(SRCROOT)/libidn\"";
				LIBRARY_SEARCH_PATHS_QUOTED_FOR_TARGET_2 = "\"$(SRCROOT)/libidn/Mac\"";
				PRODUCT_NAME = XMPPStreamMini;
				WRAPPER_EXTENSION = app;
			};
			name = Release;
		};
		C01FCF4B08A954540054247B /* Debug */ = {
			isa = XCBuildConfiguration;
			buildSettings = {
				COPY_PHASE_STRIP = NO;
				FRAMEWORK_SEARCH_PATHS = (
					"$(inherited)",
					"$(FRAMEWORK_SEARCH_PATHS_QUOTED_1)",
				);
				FRAMEWORK_SEARCH_PATHS_QUOTED_1 = "\"$(SRCROOT)\"";
				GCC_DYNAMIC_NO_PIC = NO;
				GCC_ENABLE_FIX_AND_CONTINUE = YES;
				GCC_MODEL_TUNING = G5;
				GCC_OPTIMIZATION_LEVEL = 0;
				INFOPLIST_FILE = Info.plist;
				INSTALL_PATH = "$(HOME)/Applications";
				LIBRARY_SEARCH_PATHS = (
					"$(inherited)",
					"$(LIBRARY_SEARCH_PATHS_QUOTED_1)",
					"$(LIBRARY_SEARCH_PATHS_QUOTED_FOR_TARGET_1)",
					"$(LIBRARY_SEARCH_PATHS_QUOTED_FOR_TARGET_2)",
				);
				LIBRARY_SEARCH_PATHS_QUOTED_1 = "\"$(SRCROOT)/libidn\"";
				LIBRARY_SEARCH_PATHS_QUOTED_FOR_TARGET_1 = "\"$(SRCROOT)/libidn/Mac\"";
				LIBRARY_SEARCH_PATHS_QUOTED_FOR_TARGET_2 = "\"$(SRCROOT)/libidn/Mac\"";
				OTHER_LDFLAGS = "";
				PRODUCT_NAME = XMPPStream;
				WRAPPER_EXTENSION = app;
				ZERO_LINK = YES;
			};
			name = Debug;
		};
		C01FCF4C08A954540054247B /* Release */ = {
			isa = XCBuildConfiguration;
			buildSettings = {
				FRAMEWORK_SEARCH_PATHS = (
					"$(inherited)",
					"$(FRAMEWORK_SEARCH_PATHS_QUOTED_1)",
				);
				FRAMEWORK_SEARCH_PATHS_QUOTED_1 = "\"$(SRCROOT)\"";
				GCC_GENERATE_DEBUGGING_SYMBOLS = NO;
				GCC_MODEL_TUNING = G5;
				INFOPLIST_FILE = Info.plist;
				INSTALL_PATH = "$(HOME)/Applications";
				LIBRARY_SEARCH_PATHS = (
					"$(inherited)",
					"$(LIBRARY_SEARCH_PATHS_QUOTED_FOR_TARGET_1)",
					"$(LIBRARY_SEARCH_PATHS_QUOTED_FOR_TARGET_2)",
					"$(LIBRARY_SEARCH_PATHS_QUOTED_FOR_TARGET_3)",
				);
				LIBRARY_SEARCH_PATHS_QUOTED_FOR_TARGET_1 = "\"$(SRCROOT)/libidn\"";
				LIBRARY_SEARCH_PATHS_QUOTED_FOR_TARGET_2 = "\"$(SRCROOT)/libidn/Mac\"";
				LIBRARY_SEARCH_PATHS_QUOTED_FOR_TARGET_3 = "\"$(SRCROOT)/libidn/Mac\"";
				OTHER_LDFLAGS = "";
				PRODUCT_NAME = XMPPStream;
				WRAPPER_EXTENSION = app;
			};
			name = Release;
		};
		C01FCF4F08A954540054247B /* Debug */ = {
			isa = XCBuildConfiguration;
			buildSettings = {
				ARCHS = "$(ONLY_ACTIVE_ARCH_PRE_XCODE_3_1)";
				GCC_ENABLE_OBJC_EXCEPTIONS = YES;
				GCC_TREAT_IMPLICIT_FUNCTION_DECLARATIONS_AS_ERRORS = YES;
				GCC_TREAT_NONCONFORMANT_CODE_ERRORS_AS_WARNINGS = YES;
				GCC_TREAT_WARNINGS_AS_ERRORS = YES;
				GCC_WARN_ABOUT_RETURN_TYPE = YES;
				GCC_WARN_UNUSED_VARIABLE = YES;
				ONLY_ACTIVE_ARCH_PRE_XCODE_3_1 = "$(NATIVE_ARCH)";
				PREBINDING = NO;
				SDKROOT = /Developer/SDKs/MacOSX10.5.sdk;
			};
			name = Debug;
		};
		C01FCF5008A954540054247B /* Release */ = {
			isa = XCBuildConfiguration;
			buildSettings = {
				ARCHS = "$(ARCHS_STANDARD_32_BIT_PRE_XCODE_3_1)";
				ARCHS_STANDARD_32_BIT_PRE_XCODE_3_1 = "ppc i386";
				GCC_ENABLE_OBJC_EXCEPTIONS = YES;
				GCC_TREAT_IMPLICIT_FUNCTION_DECLARATIONS_AS_ERRORS = YES;
				GCC_WARN_ABOUT_RETURN_TYPE = YES;
				GCC_WARN_UNUSED_VARIABLE = YES;
				PREBINDING = NO;
				SDKROOT = /Developer/SDKs/MacOSX10.5.sdk;
			};
			name = Release;
		};
/* End XCBuildConfiguration section */

/* Begin XCConfigurationList section */
		07EF189D102299E500FEFBB2 /* Build configuration list for PBXNativeTarget "libXMPP.a" */ = {
			isa = XCConfigurationList;
			buildConfigurations = (
				07EF1892102299D700FEFBB2 /* Debug */,
				07EF1893102299D700FEFBB2 /* Release */,
			);
			defaultConfigurationIsVisible = 0;
			defaultConfigurationName = Release;
		};
		276247B20ED3D45A0028C301 /* Build configuration list for PBXNativeTarget "Framework" */ = {
			isa = XCConfigurationList;
			buildConfigurations = (
				276247B00ED3D45A0028C301 /* Debug */,
				276247B10ED3D45A0028C301 /* Release */,
			);
			defaultConfigurationIsVisible = 0;
			defaultConfigurationName = Release;
		};
		276248870ED3DB720028C301 /* Build configuration list for PBXNativeTarget "XMPPStreamMini" */ = {
			isa = XCConfigurationList;
			buildConfigurations = (
				276248880ED3DB720028C301 /* Debug */,
				276248890ED3DB720028C301 /* Release */,
			);
			defaultConfigurationIsVisible = 0;
			defaultConfigurationName = Release;
		};
		C01FCF4A08A954540054247B /* Build configuration list for PBXNativeTarget "XMPPStream" */ = {
			isa = XCConfigurationList;
			buildConfigurations = (
				C01FCF4B08A954540054247B /* Debug */,
				C01FCF4C08A954540054247B /* Release */,
			);
			defaultConfigurationIsVisible = 0;
			defaultConfigurationName = Release;
		};
		C01FCF4E08A954540054247B /* Build configuration list for PBXProject "XMPPStream" */ = {
			isa = XCConfigurationList;
			buildConfigurations = (
				C01FCF4F08A954540054247B /* Debug */,
				C01FCF5008A954540054247B /* Release */,
			);
			defaultConfigurationIsVisible = 0;
			defaultConfigurationName = Release;
		};
/* End XCConfigurationList section */
	};
	rootObject = 29B97313FDCFA39411CA2CEA /* Project object */;
}
